[[dependencies]]
name = "chainlink"
version = "1.6.0"
url = "https://github.com/smartcontractkit/chainlink/archive/refs/tags/v1.6.0.zip"
checksum = "4b7055e4c006e36a5853e24cb2a96e336ee0966721db412b5bb2d989703c4da7"
integrity = "b9581335779c89b1aa839a2d0d01057d99e03819cf5613d0f8a177abf9a1c34a"

[[dependencies]]
name = "fdk"
version = "0.3.6"
url = "https://github.com/axieinfinity/foundry-deployment-kit/archive/refs/tags/v0.3.6-gamma.4.zip"
checksum = "fe61260d4c805c67585e44ba0997ef27189135ed7991efd3786aee0ffe349c7b"
integrity = "59adc52baa3c9b3371e22d3920c2423f015a9ce6adf1a8076b2969aa946d1019"

[[dependencies]]
name = "openzeppelin-v4"
version = "4.7.3"
url = "https://github.com/OpenZeppelin/openzeppelin-contracts/archive/refs/tags/v4.7.3.zip"
checksum = "e25b51f352864703de7b35e5030d63b38cbe4e8d61d7858f9ff9f77e18e370dd"
integrity = "22307e72fcd0d9ba18b894af6b2efdcdb4b4b51c1e7822cb2f0983ef348048d4"

[[dependencies]]
name = "openzeppelin-v5"
version = "5.0.2"
url = "https://github.com/OpenZeppelin/openzeppelin-contracts/archive/refs/tags/v5.0.2.zip"
checksum = "ca49e0776066328da0087977864dfaef0d5e54a0ea9859236a7cd9ad02abb9e5"
integrity = "f36f5881f6318e797ac5297815144959e7ead35067956216d3c50e3a0f729a57"

[[dependencies]]
name = "prb-math"
version = "4.0.1"
url = "https://github.com/PaulRBerg/prb-math/archive/refs/tags/v4.0.1.zip"
checksum = "00dcafda9210bc4c4964748dc300e99b2a39fcbc92bf46d33785ed4a27182cc1"
integrity = "1e90ba758927979bab1a0633801d97fd78d620feb13216ab72a7c947ec1c41d9"

[[dependencies]]
name = "prb-test"
version = "0.6.4"
url = "https://github.com/PaulRBerg/prb-test/archive/refs/tags/v0.6.4.zip"
checksum = "1458dc3760d4fa5ad2ecd778d04d61143785d0a10c1674aed29a69210ac4e072"
integrity = "8cbb35fb248f9b8b73eaf35d1ba51d625c6ff12863e5403e5e4d799e0603f4df"

[[dependencies]]
name = "safe"
version = "1.4.1"
url = "https://github.com/safe-global/safe-smart-account/archive/refs/tags/v1.4.1.zip"
checksum = "84348d4a1cf975f5d013cf8bdb74b8713bcccb40fceb5a1e7fc9debd27489e99"
integrity = "6547392e6d5e82c9f45d4583f1a33b80558a84f00cb0278acbdb0c3b403dcef4"

[[dependencies]]
name = "storage-delta"
version = "0.3.2"
url = "https://github.com/TuDo1403/storage-delta/archive/refs/tags/0.3.2.zip"
checksum = "bd0183461714b86b32c5a99e086a4f6459533963cdd3cda40e3aa46e01df35aa"
integrity = "d03f887cb1960d7ccc1d67fbc573b15bf032a42e055bbc1d824c4cf6a4547969"
